
Microsoft Visual Studio Solution File, Format Version 12.00
# Visual Studio Version 16
VisualStudioVersion = 16.0.31129.286
MinimumVisualStudioVersion = 10.0.40219.1
Project("{FAE04EC0-301F-11D3-BF4B-00C04F79EFBC}") = "OpenPDF", "OpenPDF.csproj", "{CF431633-0F00-43C2-A431-520577BF6210}"
EndProject
Global
	GlobalSection(SolutionConfigurationPlatforms) = preSolution
		Debug|Any CPU = Debug|Any CPU
		Release|Any CPU = Release|Any CPU
	EndGlobalSection
	GlobalSection(ProjectConfigurationPlatforms) = postSolution
		{CF431633-0F00-43C2-A431-520577BF6210}.Debug|Any CPU.ActiveCfg = Debug|Any CPU
		{CF431633-0F00-43C2-A431-520577BF6210}.Debug|Any CPU.Build.0 = Debug|Any CPU
		{CF431633-0F00-43C2-A431-520577BF6210}.Release|Any CPU.ActiveCfg = Release|Any CPU
		{CF431633-0F00-43C2-A431-520577BF6210}.Release|Any CPU.Build.0 = Release|Any CPU
	EndGlobalSection
	GlobalSection(SolutionProperties) = preSolution
		HideSolutionNode = FALSE
	EndGlobalSection
	GlobalSection(ExtensibilityGlobals) = postSolution
		SolutionGuid = {1AF76973-8C2A-4D2A-BADC-4E6D3809DFCD}
	EndGlobalSection
EndGlobal
